// !$*UTF8*$!
{
	archiveVersion = 1;
	classes = {
	};
	objectVersion = 50;
	objects = {

/* Begin PBXBuildFile section */
		3A2C44C8229AC81E000CED9D /* AppDelegate.swift in Sources */ = {isa = PBXBuildFile; fileRef = 3A2C44C7229AC81E000CED9D /* AppDelegate.swift */; };
		3A2C44CA229AC81E000CED9D /* ViewController.swift in Sources */ = {isa = PBXBuildFile; fileRef = 3A2C44C9229AC81E000CED9D /* ViewController.swift */; };
		3A2C44CD229AC81E000CED9D /* Main.storyboard in Resources */ = {isa = PBXBuildFile; fileRef = 3A2C44CB229AC81E000CED9D /* Main.storyboard */; };
		3A2C44CF229AC820000CED9D /* Assets.xcassets in Resources */ = {isa = PBXBuildFile; fileRef = 3A2C44CE229AC820000CED9D /* Assets.xcassets */; };
		3A2C44D2229AC820000CED9D /* LaunchScreen.storyboard in Resources */ = {isa = PBXBuildFile; fileRef = 3A2C44D0229AC820000CED9D /* LaunchScreen.storyboard */; };
		3A2C44DD229AC820000CED9D /* SwizziImageDownloaderTests.swift in Sources */ = {isa = PBXBuildFile; fileRef = 3A2C44DC229AC820000CED9D /* SwizziImageDownloaderTests.swift */; };
/* End PBXBuildFile section */

/* Begin PBXContainerItemProxy section */
		3A2C44D9229AC820000CED9D /* PBXContainerItemProxy */ = {
			isa = PBXContainerItemProxy;
			containerPortal = 3A2C44BC229AC81E000CED9D /* Project object */;
			proxyType = 1;
			remoteGlobalIDString = 3A2C44C3229AC81E000CED9D;
			remoteInfo = SwizziImageDownloader;
		};
/* End PBXContainerItemProxy section */

/* Begin PBXFileReference section */
		3A2C44C4229AC81E000CED9D /* SwizziImageDownloader.app */ = {isa = PBXFileReference; explicitFileType = wrapper.application; includeInIndex = 0; path = SwizziImageDownloader.app; sourceTree = BUILT_PRODUCTS_DIR; };
		3A2C44C7229AC81E000CED9D /* AppDelegate.swift */ = {isa = PBXFileReference; lastKnownFileType = sourcecode.swift; path = AppDelegate.swift; sourceTree = "<group>"; };
		3A2C44C9229AC81E000CED9D /* ViewController.swift */ = {isa = PBXFileReference; lastKnownFileType = sourcecode.swift; path = ViewController.swift; sourceTree = "<group>"; };
		3A2C44CC229AC81E000CED9D /* Base */ = {isa = PBXFileReference; lastKnownFileType = file.storyboard; name = Base; path = Base.lproj/Main.storyboard; sourceTree = "<group>"; };
		3A2C44CE229AC820000CED9D /* Assets.xcassets */ = {isa = PBXFileReference; lastKnownFileType = folder.assetcatalog; path = Assets.xcassets; sourceTree = "<group>"; };
		3A2C44D1229AC820000CED9D /* Base */ = {isa = PBXFileReference; lastKnownFileType = file.storyboard; name = Base; path = Base.lproj/LaunchScreen.storyboard; sourceTree = "<group>"; };
		3A2C44D3229AC820000CED9D /* Info.plist */ = {isa = PBXFileReference; lastKnownFileType = text.plist.xml; path = Info.plist; sourceTree = "<group>"; };
		3A2C44D8229AC820000CED9D /* SwizziImageDownloaderTests.xctest */ = {isa = PBXFileReference; explicitFileType = wrapper.cfbundle; includeInIndex = 0; path = SwizziImageDownloaderTests.xctest; sourceTree = BUILT_PRODUCTS_DIR; };
		3A2C44DC229AC820000CED9D /* SwizziImageDownloaderTests.swift */ = {isa = PBXFileReference; lastKnownFileType = sourcecode.swift; path = SwizziImageDownloaderTests.swift; sourceTree = "<group>"; };
		3A2C44DE229AC820000CED9D /* Info.plist */ = {isa = PBXFileReference; lastKnownFileType = text.plist.xml; path = Info.plist; sourceTree = "<group>"; };
/* End PBXFileReference section */

/* Begin PBXFrameworksBuildPhase section */
		3A2C44C1229AC81E000CED9D /* Frameworks */ = {
			isa = PBXFrameworksBuildPhase;
			buildActionMask = 2147483647;
			files = (
			);
			runOnlyForDeploymentPostprocessing = 0;
		};
		3A2C44D5229AC820000CED9D /* Frameworks */ = {
			isa = PBXFrameworksBuildPhase;
			buildActionMask = 2147483647;
			files = (
			);
			runOnlyForDeploymentPostprocessing = 0;
		};
/* End PBXFrameworksBuildPhase section */

/* Begin PBXGroup section */
		3A2C44BB229AC81E000CED9D = {
			isa = PBXGroup;
			children = (
				3A2C44C6229AC81E000CED9D /* SwizziImageDownloader */,
				3A2C44DB229AC820000CED9D /* SwizziImageDownloaderTests */,
				3A2C44C5229AC81E000CED9D /* Products */,
			);
			sourceTree = "<group>";
		};
		3A2C44C5229AC81E000CED9D /* Products */ = {
			isa = PBXGroup;
			children = (
				3A2C44C4229AC81E000CED9D /* SwizziImageDownloader.app */,
				3A2C44D8229AC820000CED9D /* SwizziImageDownloaderTests.xctest */,
			);
			name = Products;
			sourceTree = "<group>";
		};
		3A2C44C6229AC81E000CED9D /* SwizziImageDownloader */ = {
			isa = PBXGroup;
			children = (
				3A2C44C7229AC81E000CED9D /* AppDelegate.swift */,
				3A2C44C9229AC81E000CED9D /* ViewController.swift */,
				3A2C44CB229AC81E000CED9D /* Main.storyboard */,
				3A2C44CE229AC820000CED9D /* Assets.xcassets */,
				3A2C44D0229AC820000CED9D /* LaunchScreen.storyboard */,
				3A2C44D3229AC820000CED9D /* Info.plist */,
			);
			path = SwizziImageDownloader;
			sourceTree = "<group>";
		};
		3A2C44DB229AC820000CED9D /* SwizziImageDownloaderTests */ = {
			isa = PBXGroup;
			children = (
				3A2C44DC229AC820000CED9D /* SwizziImageDownloaderTests.swift */,
				3A2C44DE229AC820000CED9D /* Info.plist */,
			);
			path = SwizziImageDownloaderTests;
			sourceTree = "<group>";
		};
/* End PBXGroup section */

/* Begin PBXNativeTarget section */
		3A2C44C3229AC81E000CED9D /* SwizziImageDownloader */ = {
			isa = PBXNativeTarget;
			buildConfigurationList = 3A2C44E1229AC820000CED9D /* Build configuration list for PBXNativeTarget "SwizziImageDownloader" */;
			buildPhases = (
				3A2C44C0229AC81E000CED9D /* Sources */,
				3A2C44C1229AC81E000CED9D /* Frameworks */,
				3A2C44C2229AC81E000CED9D /* Resources */,
			);
			buildRules = (
			);
			dependencies = (
			);
			name = SwizziImageDownloader;
			productName = SwizziImageDownloader;
			productReference = 3A2C44C4229AC81E000CED9D /* SwizziImageDownloader.app */;
			productType = "com.apple.product-type.application";
		};
		3A2C44D7229AC820000CED9D /* SwizziImageDownloaderTests */ = {
			isa = PBXNativeTarget;
			buildConfigurationList = 3A2C44E4229AC820000CED9D /* Build configuration list for PBXNativeTarget "SwizziImageDownloaderTests" */;
			buildPhases = (
				3A2C44D4229AC820000CED9D /* Sources */,
				3A2C44D5229AC820000CED9D /* Frameworks */,
				3A2C44D6229AC820000CED9D /* Resources */,
			);
			buildRules = (
			);
			dependencies = (
				3A2C44DA229AC820000CED9D /* PBXTargetDependency */,
			);
			name = SwizziImageDownloaderTests;
			productName = SwizziImageDownloaderTests;
			productReference = 3A2C44D8229AC820000CED9D /* SwizziImageDownloaderTests.xctest */;
			productType = "com.apple.product-type.bundle.unit-test";
		};
/* End PBXNativeTarget section */

/* Begin PBXProject section */
		3A2C44BC229AC81E000CED9D /* Project object */ = {
			isa = PBXProject;
			attributes = {
				LastSwiftUpdateCheck = 1010;
				LastUpgradeCheck = 1010;
				ORGANIZATIONNAME = MindValley;
				TargetAttributes = {
					3A2C44C3229AC81E000CED9D = {
						CreatedOnToolsVersion = 10.1;
					};
					3A2C44D7229AC820000CED9D = {
						CreatedOnToolsVersion = 10.1;
						TestTargetID = 3A2C44C3229AC81E000CED9D;
					};
				};
			};
			buildConfigurationList = 3A2C44BF229AC81E000CED9D /* Build configuration list for PBXProject "SwizziImageDownloader" */;
			compatibilityVersion = "Xcode 9.3";
			developmentRegion = en;
			hasScannedForEncodings = 0;
			knownRegions = (
				en,
				Base,
			);
			mainGroup = 3A2C44BB229AC81E000CED9D;
			productRefGroup = 3A2C44C5229AC81E000CED9D /* Products */;
			projectDirPath = "";
			projectRoot = "";
			targets = (
				3A2C44C3229AC81E000CED9D /* SwizziImageDownloader */,
				3A2C44D7229AC820000CED9D /* SwizziImageDownloaderTests */,
			);
		};
/* End PBXProject section */

/* Begin PBXResourcesBuildPhase section */
		3A2C44C2229AC81E000CED9D /* Resources */ = {
			isa = PBXResourcesBuildPhase;
			buildActionMask = 2147483647;
			files = (
				3A2C44D2229AC820000CED9D /* LaunchScreen.storyboard in Resources */,
				3A2C44CF229AC820000CED9D /* Assets.xcassets in Resources */,
				3A2C44CD229AC81E000CED9D /* Main.storyboard in Resources */,
			);
			runOnlyForDeploymentPostprocessing = 0;
		};
		3A2C44D6229AC820000CED9D /* Resources */ = {
			isa = PBXResourcesBuildPhase;
			buildActionMask = 2147483647;
			files = (
			);
			runOnlyForDeploymentPostprocessing = 0;
		};
/* End PBXResourcesBuildPhase section */

/* Begin PBXSourcesBuildPhase section */
		3A2C44C0229AC81E000CED9D /* Sources */ = {
			isa = PBXSourcesBuildPhase;
			buildActionMask = 2147483647;
			files = (
				3A2C44CA229AC81E000CED9D /* ViewController.swift in Sources */,
				3A2C44C8229AC81E000CED9D /* AppDelegate.swift in Sources */,
			);
			runOnlyForDeploymentPostprocessing = 0;
		};
		3A2C44D4229AC820000CED9D /* Sources */ = {
			isa = PBXSourcesBuildPhase;
			buildActionMask = 2147483647;
			files = (
				3A2C44DD229AC820000CED9D /* SwizziImageDownloaderTests.swift in Sources */,
			);
			runOnlyForDeploymentPostprocessing = 0;
		};
/* End PBXSourcesBuildPhase section */

/* Begin PBXTargetDependency section */
		3A2C44DA229AC820000CED9D /* PBXTargetDependency */ = {
			isa = PBXTargetDependency;
			target = 3A2C44C3229AC81E000CED9D /* SwizziImageDownloader */;
			targetProxy = 3A2C44D9229AC820000CED9D /* PBXContainerItemProxy */;
		};
/* End PBXTargetDependency section */

/* Begin PBXVariantGroup section */
		3A2C44CB229AC81E000CED9D /* Main.storyboard */ = {
			isa = PBXVariantGroup;
			children = (
				3A2C44CC229AC81E000CED9D /* Base */,
			);
			name = Main.storyboard;
			sourceTree = "<group>";
		};
		3A2C44D0229AC820000CED9D /* LaunchScreen.storyboard */ = {
			isa = PBXVariantGroup;
			children = (
				3A2C44D1229AC820000CED9D /* Base */,
			);
			name = LaunchScreen.storyboard;
			sourceTree = "<group>";
		};
/* End PBXVariantGroup section */

/* Begin XCBuildConfiguration section */
		3A2C44DF229AC820000CED9D /* Debug */ = {
			isa = XCBuildConfiguration;
			buildSettings = {
				ALWAYS_SEARCH_USER_PATHS = NO;
				CLANG_ANALYZER_NONNULL = YES;
				CLANG_ANALYZER_NUMBER_OBJECT_CONVERSION = YES_AGGRESSIVE;
				CLANG_CXX_LANGUAGE_STANDARD = "gnu++14";
				CLANG_CXX_LIBRARY = "libc++";
				CLANG_ENABLE_MODULES = YES;
				CLANG_ENABLE_OBJC_ARC = YES;
				CLANG_ENABLE_OBJC_WEAK = YES;
				CLANG_WARN_BLOCK_CAPTURE_AUTORELEASING = YES;
				CLANG_WARN_BOOL_CONVERSION = YES;
				CLANG_WARN_COMMA = YES;
				CLANG_WARN_CONSTANT_CONVERSION = YES;
				CLANG_WARN_DEPRECATED_OBJC_IMPLEMENTATIONS = YES;
				CLANG_WARN_DIRECT_OBJC_ISA_USAGE = YES_ERROR;
				CLANG_WARN_DOCUMENTATION_COMMENTS = YES;
				CLANG_WARN_EMPTY_BODY = YES;
				CLANG_WARN_ENUM_CONVERSION = YES;
				CLANG_WARN_INFINITE_RECURSION = YES;
				CLANG_WARN_INT_CONVERSION = YES;
				CLANG_WARN_NON_LITERAL_NULL_CONVERSION = YES;
				CLANG_WARN_OBJC_IMPLICIT_RETAIN_SELF = YES;
				CLANG_WARN_OBJC_LITERAL_CONVERSION = YES;
				CLANG_WARN_OBJC_ROOT_CLASS = YES_ERROR;
				CLANG_WARN_RANGE_LOOP_ANALYSIS = YES;
				CLANG_WARN_STRICT_PROTOTYPES = YES;
				CLANG_WARN_SUSPICIOUS_MOVE = YES;
				CLANG_WARN_UNGUARDED_AVAILABILITY = YES_AGGRESSIVE;
				CLANG_WARN_UNREACHABLE_CODE = YES;
				CLANG_WARN__DUPLICATE_METHOD_MATCH = YES;
				CODE_SIGN_IDENTITY = "iPhone Developer";
				COPY_PHASE_STRIP = NO;
				DEBUG_INFORMATION_FORMAT = dwarf;
				ENABLE_STRICT_OBJC_MSGSEND = YES;
				ENABLE_TESTABILITY = YES;
				GCC_C_LANGUAGE_STANDARD = gnu11;
				GCC_DYNAMIC_NO_PIC = NO;
				GCC_NO_COMMON_BLOCKS = YES;
				GCC_OPTIMIZATION_LEVEL = 0;
				GCC_PREPROCESSOR_DEFINITIONS = (
					"DEBUG=1",
					"$(inherited)",
				);
				GCC_WARN_64_TO_32_BIT_CONVERSION = YES;
				GCC_WARN_ABOUT_RETURN_TYPE = YES_ERROR;
				GCC_WARN_UNDECLARED_SELECTOR = YES;
				GCC_WARN_UNINITIALIZED_AUTOS = YES_AGGRESSIVE;
				GCC_WARN_UNUSED_FUNCTION = YES;
				GCC_WARN_UNUSED_VARIABLE = YES;
				IPHONEOS_DEPLOYMENT_TARGET = 12.1;
				MTL_ENABLE_DEBUG_INFO = INCLUDE_SOURCE;
				MTL_FAST_MATH = YES;
				ONLY_ACTIVE_ARCH = YES;
				SDKROOT = iphoneos;
				SWIFT_ACTIVE_COMPILATION_CONDITIONS = DEBUG;
				SWIFT_OPTIMIZATION_LEVEL = "-Onone";
			};
			name = Debug;
		};
		3A2C44E0229AC820000CED9D /* Release */ = {
			isa = XCBuildConfiguration;
			buildSettings = {
				ALWAYS_SEARCH_USER_PATHS = NO;
				CLANG_ANALYZER_NONNULL = YES;
				CLANG_ANALYZER_NUMBER_OBJECT_CONVERSION = YES_AGGRESSIVE;
				CLANG_CXX_LANGUAGE_STANDARD = "gnu++14";
				CLANG_CXX_LIBRARY = "libc++";
				CLANG_ENABLE_MODULES = YES;
				CLANG_ENABLE_OBJC_ARC = YES;
				CLANG_ENABLE_OBJC_WEAK = YES;
				CLANG_WARN_BLOCK_CAPTURE_AUTORELEASING = YES;
				CLANG_WARN_BOOL_CONVERSION = YES;
				CLANG_WARN_COMMA = YES;
				CLANG_WARN_CONSTANT_CONVERSION = YES;
				CLANG_WARN_DEPRECATED_OBJC_IMPLEMENTATIONS = YES;
				CLANG_WARN_DIRECT_OBJC_ISA_USAGE = YES_ERROR;
				CLANG_WARN_DOCUMENTATION_COMMENTS = YES;
				CLANG_WARN_EMPTY_BODY = YES;
				CLANG_WARN_ENUM_CONVERSION = YES;
				CLANG_WARN_INFINITE_RECURSION = YES;
				CLANG_WARN_INT_CONVERSION = YES;
				CLANG_WARN_NON_LITERAL_NULL_CONVERSION = YES;
				CLANG_WARN_OBJC_IMPLICIT_RETAIN_SELF = YES;
				CLANG_WARN_OBJC_LITERAL_CONVERSION = YES;
				CLANG_WARN_OBJC_ROOT_CLASS = YES_ERROR;
				CLANG_WARN_RANGE_LOOP_ANALYSIS = YES;
				CLANG_WARN_STRICT_PROTOTYPES = YES;
				CLANG_WARN_SUSPICIOUS_MOVE = YES;
				CLANG_WARN_UNGUARDED_AVAILABILITY = YES_AGGRESSIVE;
				CLANG_WARN_UNREACHABLE_CODE = YES;
				CLANG_WARN__DUPLICATE_METHOD_MATCH = YES;
				CODE_SIGN_IDENTITY = "iPhone Developer";
				COPY_PHASE_STRIP = NO;
				DEBUG_INFORMATION_FORMAT = "dwarf-with-dsym";
				ENABLE_NS_ASSERTIONS = NO;
				ENABLE_STRICT_OBJC_MSGSEND = YES;
				GCC_C_LANGUAGE_STANDARD = gnu11;
				GCC_NO_COMMON_BLOCKS = YES;
				GCC_WARN_64_TO_32_BIT_CONVERSION = YES;
				GCC_WARN_ABOUT_RETURN_TYPE = YES_ERROR;
				GCC_WARN_UNDECLARED_SELECTOR = YES;
				GCC_WARN_UNINITIALIZED_AUTOS = YES_AGGRESSIVE;
				GCC_WARN_UNUSED_FUNCTION = YES;
				GCC_WARN_UNUSED_VARIABLE = YES;
				IPHONEOS_DEPLOYMENT_TARGET = 12.1;
				MTL_ENABLE_DEBUG_INFO = NO;
				MTL_FAST_MATH = YES;
				SDKROOT = iphoneos;
				SWIFT_COMPILATION_MODE = wholemodule;
				SWIFT_OPTIMIZATION_LEVEL = "-O";
				VALIDATE_PRODUCT = YES;
			};
			name = Release;
		};
		3A2C44E2229AC820000CED9D /* Debug */ = {
			isa = XCBuildConfiguration;
			buildSettings = {
				ASSETCATALOG_COMPILER_APPICON_NAME = AppIcon;
				CODE_SIGN_STYLE = Automatic;
				INFOPLIST_FILE = SwizziImageDownloader/Info.plist;
				LD_RUNPATH_SEARCH_PATHS = (
					"$(inherited)",
					"@executable_path/Frameworks",
				);
				PRODUCT_BUNDLE_IDENTIFIER = MindValley.SwizziImageDownloader;
				PRODUCT_NAME = "$(TARGET_NAME)";
				SWIFT_VERSION = 4.2;
				TARGETED_DEVICE_FAMILY = "1,2";
			};
			name = Debug;
		};
		3A2C44E3229AC820000CED9D /* Release */ = {
			isa = XCBuildConfiguration;
			buildSettings = {
				ASSETCATALOG_COMPILER_APPICON_NAME = AppIcon;
				CODE_SIGN_STYLE = Automatic;
				INFOPLIST_FILE = SwizziImageDownloader/Info.plist;
				LD_RUNPATH_SEARCH_PATHS = (
					"$(inherited)",
					"@executable_path/Frameworks",
				);
				PRODUCT_BUNDLE_IDENTIFIER = MindValley.SwizziImageDownloader;
				PRODUCT_NAME = "$(TARGET_NAME)";
				SWIFT_VERSION = 4.2;
				TARGETED_DEVICE_FAMILY = "1,2";
			};
			name = Release;
		};
		3A2C44E5229AC820000CED9D /* Debug */ = {
			isa = XCBuildConfiguration;
			buildSettings = {
				ALWAYS_EMBED_SWIFT_STANDARD_LIBRARIES = YES;
				BUNDLE_LOADER = "$(TEST_HOST)";
				CODE_SIGN_STYLE = Automatic;
				INFOPLIST_FILE = SwizziImageDownloaderTests/Info.plist;
				LD_RUNPATH_SEARCH_PATHS = (
					"$(inherited)",
					"@executable_path/Frameworks",
					"@loader_path/Frameworks",
				);
				PRODUCT_BUNDLE_IDENTIFIER = MindValley.SwizziImageDownloaderTests;
				PRODUCT_NAME = "$(TARGET_NAME)";
				SWIFT_VERSION = 4.2;
				TARGETED_DEVICE_FAMILY = "1,2";
				TEST_HOST = "$(BUILT_PRODUCTS_DIR)/SwizziImageDownloader.app/SwizziImageDownloader";
			};
			name = Debug;
		};
		3A2C44E6229AC820000CED9D /* Release */ = {
			isa = XCBuildConfiguration;
			buildSettings = {
				ALWAYS_EMBED_SWIFT_STANDARD_LIBRARIES = YES;
				BUNDLE_LOADER = "$(TEST_HOST)";
				CODE_SIGN_STYLE = Automatic;
				INFOPLIST_FILE = SwizziImageDownloaderTests/Info.plist;
				LD_RUNPATH_SEARCH_PATHS = (
					"$(inherited)",
					"@executable_path/Frameworks",
					"@loader_path/Frameworks",
				);
				PRODUCT_BUNDLE_IDENTIFIER = MindValley.SwizziImageDownloaderTests;
				PRODUCT_NAME = "$(TARGET_NAME)";
				SWIFT_VERSION = 4.2;
				TARGETED_DEVICE_FAMILY = "1,2";
				TEST_HOST = "$(BUILT_PRODUCTS_DIR)/SwizziImageDownloader.app/SwizziImageDownloader";
			};
			name = Release;
		};
/* End XCBuildConfiguration section */

/* Begin XCConfigurationList section */
		3A2C44BF229AC81E000CED9D /* Build configuration list for PBXProject "SwizziImageDownloader" */ = {
			isa = XCConfigurationList;
			buildConfigurations = (
				3A2C44DF229AC820000CED9D /* Debug */,
				3A2C44E0229AC820000CED9D /* Release */,
			);
			defaultConfigurationIsVisible = 0;
			defaultConfigurationName = Release;
		};
		3A2C44E1229AC820000CED9D /* Build configuration list for PBXNativeTarget "SwizziImageDownloader" */ = {
			isa = XCConfigurationList;
			buildConfigurations = (
				3A2C44E2229AC820000CED9D /* Debug */,
				3A2C44E3229AC820000CED9D /* Release */,
			);
			defaultConfigurationIsVisible = 0;
			defaultConfigurationName = Release;
		};
		3A2C44E4229AC820000CED9D /* Build configuration list for PBXNativeTarget "SwizziImageDownloaderTests" */ = {
			isa = XCConfigurationList;
			buildConfigurations = (
				3A2C44E5229AC820000CED9D /* Debug */,
				3A2C44E6229AC820000CED9D /* Release */,
			);
			defaultConfigurationIsVisible = 0;
			defaultConfigurationName = Release;
		};
/* End XCConfigurationList section */
	};
	rootObject = 3A2C44BC229AC81E000CED9D /* Project object */;
}
